
Microsoft Visual Studio Solution File, Format Version 9.00
# Visual Studio 2005
Project("{8BC9CEB8-8B4A-11D0-8D11-00A0C91BC942}") = "dsconfig-win", "dsconfig-win.vcproj", "{42A9C06E-8F39-4059-B0D0-D9546A6D8528}"
EndProject
Global
	GlobalSection(SolutionConfigurationPlatforms) = preSolution
		Debug|Win32 = Debug|Win32
		Release|Win32 = Release|Win32
	EndGlobalSection
	GlobalSection(ProjectConfigurationPlatforms) = postSolution
		{42A9C06E-8F39-4059-B0D0-D9546A6D8528}.Debug|Win32.ActiveCfg = Debug|Win32
		{42A9C06E-8F39-4059-B0D0-D9546A6D8528}.Debug|Win32.Build.0 = Debug|Win32
		{42A9C06E-8F39-4059-B0D0-D9546A6D8528}.Release|Win32.ActiveCfg = Release|Win32
		{42A9C06E-8F39-4059-B0D0-D9546A6D8528}.Release|Win32.Build.0 = Release|Win32
	EndGlobalSection
	GlobalSection(SolutionProperties) = preSolution
		HideSolutionNode = FALSE
	EndGlobalSection
EndGlobal
